github.com/dgrijalva/jwt-go v3.2.0+incompatible h1:7qlOGliEKZXTDg6OTjfoBKDXWrumCAMpl/TFQ4/5kLM=
github.com/dgrijalva/jwt-go v3.2.0+incompatible/go.mod h1:E3ru+11k8xSBh+hMPgOLZmtrrCbhqsmaPHjLKYnJCaQ=
github.com/einyx/oniondrop v0.0.0-20191021130727-750ed7c3236d/go.mod h1:ztYnilVBn13DKQAjrZhL0e+MmkS/YCHB3gaKe5tpAFk=
github.com/einyx/oniondrop/pkg v0.0.0-20191021133522-1266aac67715 h1:4cpcwBISucDcCjwBEeDzg042ExrnxFiIL+xeXEJdt9Y=
github.com/einyx/oniondrop/pkg v0.0.0-20191021133522-1266aac67715/go.mod h1:d+dhQ71L2MvBMhY/hI+w9aR039S+124jXXbSuTs6qqQ=
github.com/einyx/oniondrop/pkg/config v0.0.0-20191021132242-36b4ce2260ff h1:GBUeO7Vtl5Xku9oweLz4QRIqKK6hTGCGw25brplIYnY=
github.com/einyx/oniondrop/pkg/config v0.0.0-20191021132242-36b4ce2260ff/go.mod h1:sD16kqGOOsxx/LkIE0NeyEkRJ2huuch38W3fHRr9OAA=
github.com/einyx/oniondrop/pkg/mongo v0.0.0-20191021132242-36b4ce2260ff h1:J/Bf9pfnNDfWQ8Le8NLojP+NvjJIYLVFTtQEzO3Flhg=
github.com/einyx/oniondrop/pkg/mongo v0.0.0-20191021132242-36b4ce2260ff/go.mod h1:fcZAd9krSk0RCdWfHRh7NMuLHjtGWOLkS9Px7FLUBRY=
github.com/google/uuid v1.1.1 h1:Gkbcsh/GbpXz7lPftLA3P6TYMwjCLYm83jiFQZF/3gY=
github.com/google/uuid v1.1.1/go.mod h1:TIyPZe4MgqvfeYDBFedMoGGpEw/LqOeaOT+nhxU+yHo=
github.com/gorilla/handlers v1.4.2 h1:0QniY0USkHQ1RGCLfKxeNHK9bkDHGRYGNDFBCS+YARg=
github.com/gorilla/handlers v1.4.2/go.mod h1:Qkdc/uu4tH4g6mTK6auzZ766c4CA0Ng8+o/OAirnOIQ=
github.com/gorilla/mux v1.7.3 h1:gnP5JzjVOuiZD07fKKToCAOjS0yOpj/qPETTXCCS6hw=
github.com/gorilla/mux v1.7.3/go.mod h1:1lud6UwP+6orDFRuTfBEV8e9/aOM/c4fVVCaMa2zaAs=
golang.org/x/crypto v0.0.0-20190308221718-c2843e01d9a2/go.mod h1:djNgcEr1/C05ACkg1iLfiJU5Ep61QUkGW8qpdssI0+w=
golang.org/x/crypto v0.0.0-20191011191535-87dc89f01550 h1:ObdrDkeb4kJdCP557AjRjq69pTHfNouLtWZG7j9rPN8=
golang.org/x/crypto v0.0.0-20191011191535-87dc89f01550/go.mod h1:yigFU9vqHzYiE8UmvKecakEJjdnWj3jj499lnFckfCI=
golang.org/x/net v0.0.0-20190404232315-eb5bcb51f2a3/go.mod h1:t9HGtf8HONx5eT2rtn7q6eTqICYqUVnKs3thJo3Qplg=
golang.org/x/sys v0.0.0-20190215142949-d0b11bdaac8a/go.mod h1:STP8DvDyc/dI5b8T5hshtkjS+E42TnysNCUPdjciGhY=
golang.org/x/sys v0.0.0-20190412213103-97732733099d/go.mod h1:h1NjWce9XRLGQEsW7wpKNCjG9DtNlClVuFLEZdDNbEs=
golang.org/x/text v0.3.0/go.mod h1:NqM8EUOU14njkJ3fqMW+pc6Ldnwhi/IjpwHt7yyuwOQ=
gopkg.in/mgo.v2 v2.0.0-20190816093944-a6b53ec6cb22 h1:VpOs+IwYnYBaFnrNAeB8UUWtL3vEUnzSCL1nVjPhqrw=
gopkg.in/mgo.v2 v2.0.0-20190816093944-a6b53ec6cb22/go.mod h1:yeKp02qBN3iKW1OzL3MGk2IdtZzaj7SFntXj72NppTA=
